# Generated by pub
# See http://pub.dartlang.org/doc/glossary.html#lockfile
packages:
  ds:
    description: ds
    source: hosted
    version: "0.4.1"
  hub:
    description: hub
    source: hosted
    version: "0.7.6"
  sparkflow:
    description:
      path: "../sparkflow"
      relative: true
    source: path
    version: "0.3.5"
  streamable:
    description: streamable
    source: hosted
    version: "0.2.3"
